<?xml version="1.0" encoding="utf-8"?>
<Project ToolsVersion="4.0" xmlns="http://schemas.microsoft.com/developer/msbuild/2003">
  <ItemGroup>
    <Filter Include="소스 파일">
      <UniqueIdentifier>{4FC737F1-C7A5-4376-A066-2A32D752A2FF}</UniqueIdentifier>
      <Extensions>cpp;c;cc;cxx;c++;cppm;ixx;def;odl;idl;hpj;bat;asm;asmx</Extensions>
    </Filter>
    <Filter Include="ASEParser">
      <UniqueIdentifier>{ef93506e-5857-4307-9c05-32b093f03c12}</UniqueIdentifier>
    </Filter>
    <Filter Include="ASEParser\Lexer">
      <UniqueIdentifier>{5e87b3f6-cd8d-489a-bc4b-537154ce2655}</UniqueIdentifier>
    </Filter>
  </ItemGroup>
  <ItemGroup>
    <ClCompile Include="GameTimer.cpp">
      <Filter>소스 파일</Filter>
    </ClCompile>
    <ClCompile Include="ASEParser.cpp">
      <Filter>ASEParser</Filter>
    </ClCompile>
    <ClCompile Include="ParsingDataClass.cpp">
      <Filter>ASEParser</Filter>
    </ClCompile>
    <ClCompile Include="ASEFile.cpp">
      <Filter>ASEParser\Lexer</Filter>
    </ClCompile>
    <ClCompile Include="Lexer.cpp">
      <Filter>ASEParser\Lexer</Filter>
    </ClCompile>
  </ItemGroup>
  <ItemGroup>
    <ClInclude Include="GameTimer.h">
      <Filter>소스 파일</Filter>
    </ClInclude>
    <ClInclude Include="ASEParser.h">
      <Filter>ASEParser</Filter>
    </ClInclude>
    <ClInclude Include="ParsingDataClass.h">
      <Filter>ASEParser</Filter>
    </ClInclude>
    <ClInclude Include="Animation.h">
      <Filter>ASEParser</Filter>
    </ClInclude>
    <ClInclude Include="ASEFile.h">
      <Filter>ASEParser\Lexer</Filter>
    </ClInclude>
    <ClInclude Include="Lexer.h">
      <Filter>ASEParser\Lexer</Filter>
    </ClInclude>
  </ItemGroup>
</Project>